# Prisma Migrate lockfile v1

20200712102323-init
20200717161927-init
20200717162453-init
20200717163150-init
20200718074328-init
20200822095722-init
20200822095754-init
20200822095850-init
20200822100129-init
20200822122351-init
20200822131754-init
20200822141347-init
20200822141438-init
20200822151003-init
20200830085222-init
20200830085425-init
20200910163403-init
20201003214313-init